
Microsoft Visual Studio Solution File, Format Version 12.00
# Visual Studio Version 16
VisualStudioVersion = 16.0.30907.101
MinimumVisualStudioVersion = 10.0.40219.1
Project("{9A19103F-16F7-4668-BE54-9A1E7A4F7556}") = "ServerWebApplication", "ServerWebApplication\ServerWebApplication.csproj", "{EC80F7DB-A3E6-4C54-9EAB-287441A705F9}"
EndProject
Project("{9A19103F-16F7-4668-BE54-9A1E7A4F7556}") = "CS.EF", "CS.EF\CS.EF.csproj", "{79F0ED75-FD88-4571-8F71-2C019691D4B7}"
EndProject
Project("{9A19103F-16F7-4668-BE54-9A1E7A4F7556}") = "CS.VM", "CS.VM\CS.VM.csproj", "{84C6C1D0-A94A-44D6-9A54-ED46C115B717}"
EndProject
Project("{2150E333-8FDC-42A3-9474-1A3956D46DE8}") = "Core", "Core", "{00F3AC2E-BF83-4AF0-8B96-2D6FDCE14847}"
EndProject
Project("{2150E333-8FDC-42A3-9474-1A3956D46DE8}") = "Auth", "Auth", "{51A3500F-60A2-4B5D-AD02-4E8E51C18D62}"
EndProject
Project("{9A19103F-16F7-4668-BE54-9A1E7A4F7556}") = "CS.Base", "CS.Base\CS.Base.csproj", "{2E9B89CF-7ED0-4DFD-A4D9-AED2D3F04239}"
EndProject
Project("{9A19103F-16F7-4668-BE54-9A1E7A4F7556}") = "CS.Common", "CS.Common\CS.Common.csproj", "{18340E70-8C5D-449A-A61B-9DDFC9CF766A}"
EndProject
Project("{9A19103F-16F7-4668-BE54-9A1E7A4F7556}") = "CS.Helper", "CS.Helper\CS.Helper.csproj", "{DF5B6DB4-4D17-408B-A63B-AF0C23B6EA73}"
EndProject
Project("{9A19103F-16F7-4668-BE54-9A1E7A4F7556}") = "CS.Middleware", "CS.Middleware\CS.Middleware.csproj", "{8354377D-223D-4118-B5A8-2AB8026785EB}"
EndProject
Project("{9A19103F-16F7-4668-BE54-9A1E7A4F7556}") = "CS.Core.Service", "CS.Core.Service\CS.Core.Service.csproj", "{6A1DC0DA-ADF7-49AD-A0AA-AFCF6903F001}"
EndProject
Project("{9A19103F-16F7-4668-BE54-9A1E7A4F7556}") = "TEK.Core.UoW", "TEK.Core.UoW\TEK.Core.UoW.csproj", "{CC5B74A0-2D5B-4D67-9911-0C95FDF4CC98}"
EndProject
Project("{9A19103F-16F7-4668-BE54-9A1E7A4F7556}") = "Auth.Domain", "Auth.Domain\Auth.Domain.csproj", "{1EA59768-D4F6-4164-AF79-6780915169EC}"
EndProject
Project("{9A19103F-16F7-4668-BE54-9A1E7A4F7556}") = "TEK.Authorization.API", "TEK.Authorization.API\TEK.Authorization.API.csproj", "{F28BEF95-2F58-4389-A336-56A6908C8095}"
EndProject
Project("{9A19103F-16F7-4668-BE54-9A1E7A4F7556}") = "CS.Server.Domain", "CS.ServerWebApplication.Domain\CS.Server.Domain.csproj", "{0A591E20-55E9-4E05-88B2-2B7645AE72B8}"
EndProject
Project("{2150E333-8FDC-42A3-9474-1A3956D46DE8}") = "WebAdminApp", "WebAdminApp", "{73185B50-AF29-45AC-B485-16C9A1B0CC87}"
EndProject
Project("{9A19103F-16F7-4668-BE54-9A1E7A4F7556}") = "APM.Core", "APM.Core\APM.Core.csproj", "{3C285BC0-3430-4D5E-BA0B-8E653D50EC11}"
EndProject
Project("{2150E333-8FDC-42A3-9474-1A3956D46DE8}") = "WebClient", "WebClient", "{1338EC0F-29ED-4FF1-A840-87DEA588E19E}"
EndProject
Project("{FAE04EC0-301F-11D3-BF4B-00C04F79EFBC}") = "ClientWebApplication", "ClientWebApplication\ClientWebApplication.csproj", "{00F38240-9B15-49DB-B24E-E230533CF0AF}"
EndProject
Global
	GlobalSection(SolutionConfigurationPlatforms) = preSolution
		Debug|Any CPU = Debug|Any CPU
		Release|Any CPU = Release|Any CPU
	EndGlobalSection
	GlobalSection(ProjectConfigurationPlatforms) = postSolution
		{EC80F7DB-A3E6-4C54-9EAB-287441A705F9}.Debug|Any CPU.ActiveCfg = Debug|Any CPU
		{EC80F7DB-A3E6-4C54-9EAB-287441A705F9}.Debug|Any CPU.Build.0 = Debug|Any CPU
		{EC80F7DB-A3E6-4C54-9EAB-287441A705F9}.Release|Any CPU.ActiveCfg = Release|Any CPU
		{EC80F7DB-A3E6-4C54-9EAB-287441A705F9}.Release|Any CPU.Build.0 = Release|Any CPU
		{79F0ED75-FD88-4571-8F71-2C019691D4B7}.Debug|Any CPU.ActiveCfg = Debug|Any CPU
		{79F0ED75-FD88-4571-8F71-2C019691D4B7}.Debug|Any CPU.Build.0 = Debug|Any CPU
		{79F0ED75-FD88-4571-8F71-2C019691D4B7}.Release|Any CPU.ActiveCfg = Release|Any CPU
		{79F0ED75-FD88-4571-8F71-2C019691D4B7}.Release|Any CPU.Build.0 = Release|Any CPU
		{84C6C1D0-A94A-44D6-9A54-ED46C115B717}.Debug|Any CPU.ActiveCfg = Debug|Any CPU
		{84C6C1D0-A94A-44D6-9A54-ED46C115B717}.Debug|Any CPU.Build.0 = Debug|Any CPU
		{84C6C1D0-A94A-44D6-9A54-ED46C115B717}.Release|Any CPU.ActiveCfg = Release|Any CPU
		{84C6C1D0-A94A-44D6-9A54-ED46C115B717}.Release|Any CPU.Build.0 = Release|Any CPU
		{2E9B89CF-7ED0-4DFD-A4D9-AED2D3F04239}.Debug|Any CPU.ActiveCfg = Debug|Any CPU
		{2E9B89CF-7ED0-4DFD-A4D9-AED2D3F04239}.Debug|Any CPU.Build.0 = Debug|Any CPU
		{2E9B89CF-7ED0-4DFD-A4D9-AED2D3F04239}.Release|Any CPU.ActiveCfg = Release|Any CPU
		{2E9B89CF-7ED0-4DFD-A4D9-AED2D3F04239}.Release|Any CPU.Build.0 = Release|Any CPU
		{18340E70-8C5D-449A-A61B-9DDFC9CF766A}.Debug|Any CPU.ActiveCfg = Debug|Any CPU
		{18340E70-8C5D-449A-A61B-9DDFC9CF766A}.Debug|Any CPU.Build.0 = Debug|Any CPU
		{18340E70-8C5D-449A-A61B-9DDFC9CF766A}.Release|Any CPU.ActiveCfg = Release|Any CPU
		{18340E70-8C5D-449A-A61B-9DDFC9CF766A}.Release|Any CPU.Build.0 = Release|Any CPU
		{DF5B6DB4-4D17-408B-A63B-AF0C23B6EA73}.Debug|Any CPU.ActiveCfg = Debug|Any CPU
		{DF5B6DB4-4D17-408B-A63B-AF0C23B6EA73}.Debug|Any CPU.Build.0 = Debug|Any CPU
		{DF5B6DB4-4D17-408B-A63B-AF0C23B6EA73}.Release|Any CPU.ActiveCfg = Release|Any CPU
		{DF5B6DB4-4D17-408B-A63B-AF0C23B6EA73}.Release|Any CPU.Build.0 = Release|Any CPU
		{8354377D-223D-4118-B5A8-2AB8026785EB}.Debug|Any CPU.ActiveCfg = Debug|Any CPU
		{8354377D-223D-4118-B5A8-2AB8026785EB}.Debug|Any CPU.Build.0 = Debug|Any CPU
		{8354377D-223D-4118-B5A8-2AB8026785EB}.Release|Any CPU.ActiveCfg = Release|Any CPU
		{8354377D-223D-4118-B5A8-2AB8026785EB}.Release|Any CPU.Build.0 = Release|Any CPU
		{6A1DC0DA-ADF7-49AD-A0AA-AFCF6903F001}.Debug|Any CPU.ActiveCfg = Debug|Any CPU
		{6A1DC0DA-ADF7-49AD-A0AA-AFCF6903F001}.Debug|Any CPU.Build.0 = Debug|Any CPU
		{6A1DC0DA-ADF7-49AD-A0AA-AFCF6903F001}.Release|Any CPU.ActiveCfg = Release|Any CPU
		{6A1DC0DA-ADF7-49AD-A0AA-AFCF6903F001}.Release|Any CPU.Build.0 = Release|Any CPU
		{CC5B74A0-2D5B-4D67-9911-0C95FDF4CC98}.Debug|Any CPU.ActiveCfg = Debug|Any CPU
		{CC5B74A0-2D5B-4D67-9911-0C95FDF4CC98}.Debug|Any CPU.Build.0 = Debug|Any CPU
		{CC5B74A0-2D5B-4D67-9911-0C95FDF4CC98}.Release|Any CPU.ActiveCfg = Release|Any CPU
		{CC5B74A0-2D5B-4D67-9911-0C95FDF4CC98}.Release|Any CPU.Build.0 = Release|Any CPU
		{1EA59768-D4F6-4164-AF79-6780915169EC}.Debug|Any CPU.ActiveCfg = Debug|Any CPU
		{1EA59768-D4F6-4164-AF79-6780915169EC}.Debug|Any CPU.Build.0 = Debug|Any CPU
		{1EA59768-D4F6-4164-AF79-6780915169EC}.Release|Any CPU.ActiveCfg = Release|Any CPU
		{1EA59768-D4F6-4164-AF79-6780915169EC}.Release|Any CPU.Build.0 = Release|Any CPU
		{F28BEF95-2F58-4389-A336-56A6908C8095}.Debug|Any CPU.ActiveCfg = Debug|Any CPU
		{F28BEF95-2F58-4389-A336-56A6908C8095}.Debug|Any CPU.Build.0 = Debug|Any CPU
		{F28BEF95-2F58-4389-A336-56A6908C8095}.Release|Any CPU.ActiveCfg = Release|Any CPU
		{F28BEF95-2F58-4389-A336-56A6908C8095}.Release|Any CPU.Build.0 = Release|Any CPU
		{0A591E20-55E9-4E05-88B2-2B7645AE72B8}.Debug|Any CPU.ActiveCfg = Debug|Any CPU
		{0A591E20-55E9-4E05-88B2-2B7645AE72B8}.Debug|Any CPU.Build.0 = Debug|Any CPU
		{0A591E20-55E9-4E05-88B2-2B7645AE72B8}.Release|Any CPU.ActiveCfg = Release|Any CPU
		{0A591E20-55E9-4E05-88B2-2B7645AE72B8}.Release|Any CPU.Build.0 = Release|Any CPU
		{3C285BC0-3430-4D5E-BA0B-8E653D50EC11}.Debug|Any CPU.ActiveCfg = Debug|Any CPU
		{3C285BC0-3430-4D5E-BA0B-8E653D50EC11}.Debug|Any CPU.Build.0 = Debug|Any CPU
		{3C285BC0-3430-4D5E-BA0B-8E653D50EC11}.Release|Any CPU.ActiveCfg = Release|Any CPU
		{3C285BC0-3430-4D5E-BA0B-8E653D50EC11}.Release|Any CPU.Build.0 = Release|Any CPU
		{00F38240-9B15-49DB-B24E-E230533CF0AF}.Debug|Any CPU.ActiveCfg = Debug|Any CPU
		{00F38240-9B15-49DB-B24E-E230533CF0AF}.Debug|Any CPU.Build.0 = Debug|Any CPU
		{00F38240-9B15-49DB-B24E-E230533CF0AF}.Release|Any CPU.ActiveCfg = Release|Any CPU
		{00F38240-9B15-49DB-B24E-E230533CF0AF}.Release|Any CPU.Build.0 = Release|Any CPU
	EndGlobalSection
	GlobalSection(SolutionProperties) = preSolution
		HideSolutionNode = FALSE
	EndGlobalSection
	GlobalSection(NestedProjects) = preSolution
		{2E9B89CF-7ED0-4DFD-A4D9-AED2D3F04239} = {00F3AC2E-BF83-4AF0-8B96-2D6FDCE14847}
		{18340E70-8C5D-449A-A61B-9DDFC9CF766A} = {00F3AC2E-BF83-4AF0-8B96-2D6FDCE14847}
		{DF5B6DB4-4D17-408B-A63B-AF0C23B6EA73} = {00F3AC2E-BF83-4AF0-8B96-2D6FDCE14847}
		{8354377D-223D-4118-B5A8-2AB8026785EB} = {00F3AC2E-BF83-4AF0-8B96-2D6FDCE14847}
		{6A1DC0DA-ADF7-49AD-A0AA-AFCF6903F001} = {00F3AC2E-BF83-4AF0-8B96-2D6FDCE14847}
		{CC5B74A0-2D5B-4D67-9911-0C95FDF4CC98} = {00F3AC2E-BF83-4AF0-8B96-2D6FDCE14847}
		{1EA59768-D4F6-4164-AF79-6780915169EC} = {51A3500F-60A2-4B5D-AD02-4E8E51C18D62}
		{F28BEF95-2F58-4389-A336-56A6908C8095} = {51A3500F-60A2-4B5D-AD02-4E8E51C18D62}
		{3C285BC0-3430-4D5E-BA0B-8E653D50EC11} = {73185B50-AF29-45AC-B485-16C9A1B0CC87}
		{00F38240-9B15-49DB-B24E-E230533CF0AF} = {1338EC0F-29ED-4FF1-A840-87DEA588E19E}
	EndGlobalSection
	GlobalSection(ExtensibilityGlobals) = postSolution
		SolutionGuid = {6F00BA0D-8B21-4B98-AE1C-CAE13FCB0F2B}
	EndGlobalSection
EndGlobal
